<?xml version="1.0" encoding="utf-8"?>
<Project ToolsVersion="17.0" xmlns="http://schemas.microsoft.com/developer/msbuild/2003">
  <ItemGroup>
    <CustomBuild Include="V:\Projetos\LearningCpp\LearningOpengl\Snake\CMakeFiles\dbaa188150c3221de2688afdd2eb3a88\update_mappings.rule">
      <Filter>CMake Rules</Filter>
    </CustomBuild>
    <CustomBuild Include="V:\Projetos\LearningCpp\LearningOpengl\Snake\libraries\glfw-3.4\src\CMakeLists.txt" />
  </ItemGroup>
  <ItemGroup>
    <None Include="V:\Projetos\LearningCpp\LearningOpengl\Snake\libraries\glfw-3.4\src\mappings.h.in">
      <Filter>Header Files</Filter>
    </None>
    <None Include="V:\Projetos\LearningCpp\LearningOpengl\Snake\libraries\glfw-3.4\CMake\GenerateMappings.cmake" />
    <None Include="V:\Projetos\LearningCpp\LearningOpengl\Snake\libraries\glfw-3.4\src\CMakeFiles\update_mappings" />
  </ItemGroup>
  <ItemGroup>
    <Filter Include="CMake Rules">
      <UniqueIdentifier>{4FECA567-46EC-314C-B4AA-89738EF3987A}</UniqueIdentifier>
    </Filter>
    <Filter Include="Header Files">
      <UniqueIdentifier>{4BE1D8A5-89DB-3BD0-BCAE-32AA3424D665}</UniqueIdentifier>
    </Filter>
  </ItemGroup>
</Project>
